
Microsoft Visual Studio Solution File, Format Version 12.00
# Visual Studio Version 16
VisualStudioVersion = 16.0.30002.166
MinimumVisualStudioVersion = 10.0.40219.1
Project("{9A19103F-16F7-4668-BE54-9A1E7A4F7556}") = "Emitters", "Emitters\Emitters.csproj", "{6C3EFA52-0F86-4818-8216-05D798DAA88E}"
EndProject
Global
	GlobalSection(SolutionConfigurationPlatforms) = preSolution
		Debug|Any CPU = Debug|Any CPU
		Release|Any CPU = Release|Any CPU
	EndGlobalSection
	GlobalSection(ProjectConfigurationPlatforms) = postSolution
		{6C3EFA52-0F86-4818-8216-05D798DAA88E}.Debug|Any CPU.ActiveCfg = Debug|Any CPU
		{6C3EFA52-0F86-4818-8216-05D798DAA88E}.Debug|Any CPU.Build.0 = Debug|Any CPU
		{6C3EFA52-0F86-4818-8216-05D798DAA88E}.Release|Any CPU.ActiveCfg = Release|Any CPU
		{6C3EFA52-0F86-4818-8216-05D798DAA88E}.Release|Any CPU.Build.0 = Release|Any CPU
	EndGlobalSection
	GlobalSection(SolutionProperties) = preSolution
		HideSolutionNode = FALSE
	EndGlobalSection
	GlobalSection(ExtensibilityGlobals) = postSolution
		SolutionGuid = {9C557E8F-9A41-41C0-87FF-35352FA65E9D}
	EndGlobalSection
EndGlobal
